
Microsoft Visual Studio Solution File, Format Version 12.00
# Visual Studio 15
VisualStudioVersion = 15.0.28307.757
MinimumVisualStudioVersion = 10.0.40219.1
Project("{FAE04EC0-301F-11D3-BF4B-00C04F79EFBC}") = "AzureWebApp-Github", "AzureWebApp-Github\AzureWebApp-Github.csproj", "{AFF9AB57-F609-4C68-BB04-6CA37004D0CC}"
EndProject
Global
	GlobalSection(SolutionConfigurationPlatforms) = preSolution
		Debug|Any CPU = Debug|Any CPU
		Release|Any CPU = Release|Any CPU
	EndGlobalSection
	GlobalSection(ProjectConfigurationPlatforms) = postSolution
		{AFF9AB57-F609-4C68-BB04-6CA37004D0CC}.Debug|Any CPU.ActiveCfg = Debug|Any CPU
		{AFF9AB57-F609-4C68-BB04-6CA37004D0CC}.Debug|Any CPU.Build.0 = Debug|Any CPU
		{AFF9AB57-F609-4C68-BB04-6CA37004D0CC}.Release|Any CPU.ActiveCfg = Release|Any CPU
		{AFF9AB57-F609-4C68-BB04-6CA37004D0CC}.Release|Any CPU.Build.0 = Release|Any CPU
	EndGlobalSection
	GlobalSection(SolutionProperties) = preSolution
		HideSolutionNode = FALSE
	EndGlobalSection
	GlobalSection(ExtensibilityGlobals) = postSolution
		SolutionGuid = {08DA0B2B-8AB1-493F-8C98-2B7563440ECD}
	EndGlobalSection
EndGlobal
